// !$*UTF8*$!
{
	archiveVersion = 1;
	classes = {
	};
	objectVersion = 46;
	objects = {

/* Begin PBXBuildFile section */
		AA7FBB7F1CCFA5F400213FF3 /* main.m in Sources */ = {isa = PBXBuildFile; fileRef = AA7FBB7E1CCFA5F400213FF3 /* main.m */; };
		AA7FBB821CCFA5F400213FF3 /* AppDelegate.m in Sources */ = {isa = PBXBuildFile; fileRef = AA7FBB811CCFA5F400213FF3 /* AppDelegate.m */; };
		AA7FBB851CCFA5F400213FF3 /* ViewController.m in Sources */ = {isa = PBXBuildFile; fileRef = AA7FBB841CCFA5F400213FF3 /* ViewController.m */; };
		AA7FBB881CCFA5F400213FF3 /* Main.storyboard in Resources */ = {isa = PBXBuildFile; fileRef = AA7FBB861CCFA5F400213FF3 /* Main.storyboard */; };
		AA7FBB8A1CCFA5F400213FF3 /* Assets.xcassets in Resources */ = {isa = PBXBuildFile; fileRef = AA7FBB891CCFA5F400213FF3 /* Assets.xcassets */; };
		AA7FBB8D1CCFA5F400213FF3 /* LaunchScreen.storyboard in Resources */ = {isa = PBXBuildFile; fileRef = AA7FBB8B1CCFA5F400213FF3 /* LaunchScreen.storyboard */; };
		AA7FBB971CCFAC7700213FF3 /* DatePickerViewController.m in Sources */ = {isa = PBXBuildFile; fileRef = AA7FBB961CCFAC7700213FF3 /* DatePickerViewController.m */; };
/* End PBXBuildFile section */

/* Begin PBXFileReference section */
		AA7FBB7A1CCFA5F400213FF3 /* Age Calculator.app */ = {isa = PBXFileReference; explicitFileType = wrapper.application; includeInIndex = 0; path = "Age Calculator.app"; sourceTree = BUILT_PRODUCTS_DIR; };
		AA7FBB7E1CCFA5F400213FF3 /* main.m */ = {isa = PBXFileReference; lastKnownFileType = sourcecode.c.objc; path = main.m; sourceTree = "<group>"; };
		AA7FBB801CCFA5F400213FF3 /* AppDelegate.h */ = {isa = PBXFileReference; lastKnownFileType = sourcecode.c.h; path = AppDelegate.h; sourceTree = "<group>"; };
		AA7FBB811CCFA5F400213FF3 /* AppDelegate.m */ = {isa = PBXFileReference; lastKnownFileType = sourcecode.c.objc; path = AppDelegate.m; sourceTree = "<group>"; };
		AA7FBB831CCFA5F400213FF3 /* ViewController.h */ = {isa = PBXFileReference; lastKnownFileType = sourcecode.c.h; path = ViewController.h; sourceTree = "<group>"; };
		AA7FBB841CCFA5F400213FF3 /* ViewController.m */ = {isa = PBXFileReference; lastKnownFileType = sourcecode.c.objc; path = ViewController.m; sourceTree = "<group>"; };
		AA7FBB871CCFA5F400213FF3 /* Base */ = {isa = PBXFileReference; lastKnownFileType = file.storyboard; name = Base; path = Base.lproj/Main.storyboard; sourceTree = "<group>"; };
		AA7FBB891CCFA5F400213FF3 /* Assets.xcassets */ = {isa = PBXFileReference; lastKnownFileType = folder.assetcatalog; path = Assets.xcassets; sourceTree = "<group>"; };
		AA7FBB8C1CCFA5F400213FF3 /* Base */ = {isa = PBXFileReference; lastKnownFileType = file.storyboard; name = Base; path = Base.lproj/LaunchScreen.storyboard; sourceTree = "<group>"; };
		AA7FBB8E1CCFA5F400213FF3 /* Info.plist */ = {isa = PBXFileReference; lastKnownFileType = text.plist.xml; path = Info.plist; sourceTree = "<group>"; };
		AA7FBB951CCFAC7700213FF3 /* DatePickerViewController.h */ = {isa = PBXFileReference; fileEncoding = 4; lastKnownFileType = sourcecode.c.h; path = DatePickerViewController.h; sourceTree = "<group>"; };
		AA7FBB961CCFAC7700213FF3 /* DatePickerViewController.m */ = {isa = PBXFileReference; fileEncoding = 4; lastKnownFileType = sourcecode.c.objc; path = DatePickerViewController.m; sourceTree = "<group>"; };
/* End PBXFileReference section */

/* Begin PBXFrameworksBuildPhase section */
		AA7FBB771CCFA5F400213FF3 /* Frameworks */ = {
			isa = PBXFrameworksBuildPhase;
			buildActionMask = 2147483647;
			files = (
			);
			runOnlyForDeploymentPostprocessing = 0;
		};
/* End PBXFrameworksBuildPhase section */

/* Begin PBXGroup section */
		AA7FBB711CCFA5F400213FF3 = {
			isa = PBXGroup;
			children = (
				AA7FBB7C1CCFA5F400213FF3 /* Age Calculator */,
				AA7FBB7B1CCFA5F400213FF3 /* Products */,
			);
			sourceTree = "<group>";
		};
		AA7FBB7B1CCFA5F400213FF3 /* Products */ = {
			isa = PBXGroup;
			children = (
				AA7FBB7A1CCFA5F400213FF3 /* Age Calculator.app */,
			);
			name = Products;
			sourceTree = "<group>";
		};
		AA7FBB7C1CCFA5F400213FF3 /* Age Calculator */ = {
			isa = PBXGroup;
			children = (
				AA7FBB941CCFABA100213FF3 /* View Controllers */,
				AA7FBB801CCFA5F400213FF3 /* AppDelegate.h */,
				AA7FBB811CCFA5F400213FF3 /* AppDelegate.m */,
				AA7FBB861CCFA5F400213FF3 /* Main.storyboard */,
				AA7FBB891CCFA5F400213FF3 /* Assets.xcassets */,
				AA7FBB8B1CCFA5F400213FF3 /* LaunchScreen.storyboard */,
				AA7FBB8E1CCFA5F400213FF3 /* Info.plist */,
				AA7FBB7D1CCFA5F400213FF3 /* Supporting Files */,
			);
			path = "Age Calculator";
			sourceTree = "<group>";
		};
		AA7FBB7D1CCFA5F400213FF3 /* Supporting Files */ = {
			isa = PBXGroup;
			children = (
				AA7FBB7E1CCFA5F400213FF3 /* main.m */,
			);
			name = "Supporting Files";
			sourceTree = "<group>";
		};
		AA7FBB941CCFABA100213FF3 /* View Controllers */ = {
			isa = PBXGroup;
			children = (
				AA7FBB831CCFA5F400213FF3 /* ViewController.h */,
				AA7FBB841CCFA5F400213FF3 /* ViewController.m */,
				AA7FBB951CCFAC7700213FF3 /* DatePickerViewController.h */,
				AA7FBB961CCFAC7700213FF3 /* DatePickerViewController.m */,
			);
			name = "View Controllers";
			sourceTree = "<group>";
		};
/* End PBXGroup section */

/* Begin PBXNativeTarget section */
		AA7FBB791CCFA5F400213FF3 /* Age Calculator */ = {
			isa = PBXNativeTarget;
			buildConfigurationList = AA7FBB911CCFA5F400213FF3 /* Build configuration list for PBXNativeTarget "Age Calculator" */;
			buildPhases = (
				AA7FBB761CCFA5F400213FF3 /* Sources */,
				AA7FBB771CCFA5F400213FF3 /* Frameworks */,
				AA7FBB781CCFA5F400213FF3 /* Resources */,
			);
			buildRules = (
			);
			dependencies = (
			);
			name = "Age Calculator";
			productName = "Age Calculator";
			productReference = AA7FBB7A1CCFA5F400213FF3 /* Age Calculator.app */;
			productType = "com.apple.product-type.application";
		};
/* End PBXNativeTarget section */

/* Begin PBXProject section */
		AA7FBB721CCFA5F400213FF3 /* Project object */ = {
			isa = PBXProject;
			attributes = {
				LastUpgradeCheck = 0720;
				ORGANIZATIONNAME = Training;
				TargetAttributes = {
					AA7FBB791CCFA5F400213FF3 = {
						CreatedOnToolsVersion = 7.2;
					};
				};
			};
			buildConfigurationList = AA7FBB751CCFA5F400213FF3 /* Build configuration list for PBXProject "Age Calculator" */;
			compatibilityVersion = "Xcode 3.2";
			developmentRegion = English;
			hasScannedForEncodings = 0;
			knownRegions = (
				en,
				Base,
			);
			mainGroup = AA7FBB711CCFA5F400213FF3;
			productRefGroup = AA7FBB7B1CCFA5F400213FF3 /* Products */;
			projectDirPath = "";
			projectRoot = "";
			targets = (
				AA7FBB791CCFA5F400213FF3 /* Age Calculator */,
			);
		};
/* End PBXProject section */

/* Begin PBXResourcesBuildPhase section */
		AA7FBB781CCFA5F400213FF3 /* Resources */ = {
			isa = PBXResourcesBuildPhase;
			buildActionMask = 2147483647;
			files = (
				AA7FBB8D1CCFA5F400213FF3 /* LaunchScreen.storyboard in Resources */,
				AA7FBB8A1CCFA5F400213FF3 /* Assets.xcassets in Resources */,
				AA7FBB881CCFA5F400213FF3 /* Main.storyboard in Resources */,
			);
			runOnlyForDeploymentPostprocessing = 0;
		};
/* End PBXResourcesBuildPhase section */

/* Begin PBXSourcesBuildPhase section */
		AA7FBB761CCFA5F400213FF3 /* Sources */ = {
			isa = PBXSourcesBuildPhase;
			buildActionMask = 2147483647;
			files = (
				AA7FBB971CCFAC7700213FF3 /* DatePickerViewController.m in Sources */,
				AA7FBB851CCFA5F400213FF3 /* ViewController.m in Sources */,
				AA7FBB821CCFA5F400213FF3 /* AppDelegate.m in Sources */,
				AA7FBB7F1CCFA5F400213FF3 /* main.m in Sources */,
			);
			runOnlyForDeploymentPostprocessing = 0;
		};
/* End PBXSourcesBuildPhase section */

/* Begin PBXVariantGroup section */
		AA7FBB861CCFA5F400213FF3 /* Main.storyboard */ = {
			isa = PBXVariantGroup;
			children = (
				AA7FBB871CCFA5F400213FF3 /* Base */,
			);
			name = Main.storyboard;
			sourceTree = "<group>";
		};
		AA7FBB8B1CCFA5F400213FF3 /* LaunchScreen.storyboard */ = {
			isa = PBXVariantGroup;
			children = (
				AA7FBB8C1CCFA5F400213FF3 /* Base */,
			);
			name = LaunchScreen.storyboard;
			sourceTree = "<group>";
		};
/* End PBXVariantGroup section */

/* Begin XCBuildConfiguration section */
		AA7FBB8F1CCFA5F400213FF3 /* Debug */ = {
			isa = XCBuildConfiguration;
			buildSettings = {
				ALWAYS_SEARCH_USER_PATHS = NO;
				CLANG_CXX_LANGUAGE_STANDARD = "gnu++0x";
				CLANG_CXX_LIBRARY = "libc++";
				CLANG_ENABLE_MODULES = YES;
				CLANG_ENABLE_OBJC_ARC = YES;
				CLANG_WARN_BOOL_CONVERSION = YES;
				CLANG_WARN_CONSTANT_CONVERSION = YES;
				CLANG_WARN_DIRECT_OBJC_ISA_USAGE = YES_ERROR;
				CLANG_WARN_EMPTY_BODY = YES;
				CLANG_WARN_ENUM_CONVERSION = YES;
				CLANG_WARN_INT_CONVERSION = YES;
				CLANG_WARN_OBJC_ROOT_CLASS = YES_ERROR;
				CLANG_WARN_UNREACHABLE_CODE = YES;
				CLANG_WARN__DUPLICATE_METHOD_MATCH = YES;
				"CODE_SIGN_IDENTITY[sdk=iphoneos*]" = "iPhone Developer";
				COPY_PHASE_STRIP = NO;
				DEBUG_INFORMATION_FORMAT = dwarf;
				ENABLE_STRICT_OBJC_MSGSEND = YES;
				ENABLE_TESTABILITY = YES;
				GCC_C_LANGUAGE_STANDARD = gnu99;
				GCC_DYNAMIC_NO_PIC = NO;
				GCC_NO_COMMON_BLOCKS = YES;
				GCC_OPTIMIZATION_LEVEL = 0;
				GCC_PREPROCESSOR_DEFINITIONS = (
					"DEBUG=1",
					"$(inherited)",
				);
				GCC_WARN_64_TO_32_BIT_CONVERSION = YES;
				GCC_WARN_ABOUT_RETURN_TYPE = YES_ERROR;
				GCC_WARN_UNDECLARED_SELECTOR = YES;
				GCC_WARN_UNINITIALIZED_AUTOS = YES_AGGRESSIVE;
				GCC_WARN_UNUSED_FUNCTION = YES;
				GCC_WARN_UNUSED_VARIABLE = YES;
				IPHONEOS_DEPLOYMENT_TARGET = 9.2;
				MTL_ENABLE_DEBUG_INFO = YES;
				ONLY_ACTIVE_ARCH = YES;
				SDKROOT = iphoneos;
				TARGETED_DEVICE_FAMILY = "1,2";
			};
			name = Debug;
		};
		AA7FBB901CCFA5F400213FF3 /* Release */ = {
			isa = XCBuildConfiguration;
			buildSettings = {
				ALWAYS_SEARCH_USER_PATHS = NO;
				CLANG_CXX_LANGUAGE_STANDARD = "gnu++0x";
				CLANG_CXX_LIBRARY = "libc++";
				CLANG_ENABLE_MODULES = YES;
				CLANG_ENABLE_OBJC_ARC = YES;
				CLANG_WARN_BOOL_CONVERSION = YES;
				CLANG_WARN_CONSTANT_CONVERSION = YES;
				CLANG_WARN_DIRECT_OBJC_ISA_USAGE = YES_ERROR;
				CLANG_WARN_EMPTY_BODY = YES;
				CLANG_WARN_ENUM_CONVERSION = YES;
				CLANG_WARN_INT_CONVERSION = YES;
				CLANG_WARN_OBJC_ROOT_CLASS = YES_ERROR;
				CLANG_WARN_UNREACHABLE_CODE = YES;
				CLANG_WARN__DUPLICATE_METHOD_MATCH = YES;
				"CODE_SIGN_IDENTITY[sdk=iphoneos*]" = "iPhone Developer";
				COPY_PHASE_STRIP = NO;
				DEBUG_INFORMATION_FORMAT = "dwarf-with-dsym";
				ENABLE_NS_ASSERTIONS = NO;
				ENABLE_STRICT_OBJC_MSGSEND = YES;
				GCC_C_LANGUAGE_STANDARD = gnu99;
				GCC_NO_COMMON_BLOCKS = YES;
				GCC_WARN_64_TO_32_BIT_CONVERSION = YES;
				GCC_WARN_ABOUT_RETURN_TYPE = YES_ERROR;
				GCC_WARN_UNDECLARED_SELECTOR = YES;
				GCC_WARN_UNINITIALIZED_AUTOS = YES_AGGRESSIVE;
				GCC_WARN_UNUSED_FUNCTION = YES;
				GCC_WARN_UNUSED_VARIABLE = YES;
				IPHONEOS_DEPLOYMENT_TARGET = 9.2;
				MTL_ENABLE_DEBUG_INFO = NO;
				SDKROOT = iphoneos;
				TARGETED_DEVICE_FAMILY = "1,2";
				VALIDATE_PRODUCT = YES;
			};
			name = Release;
		};
		AA7FBB921CCFA5F400213FF3 /* Debug */ = {
			isa = XCBuildConfiguration;
			buildSettings = {
				ASSETCATALOG_COMPILER_APPICON_NAME = AppIcon;
				INFOPLIST_FILE = "Age Calculator/Info.plist";
				LD_RUNPATH_SEARCH_PATHS = "$(inherited) @executable_path/Frameworks";
				PRODUCT_BUNDLE_IDENTIFIER = "com.training.Age-Calculator";
				PRODUCT_NAME = "$(TARGET_NAME)";
			};
			name = Debug;
		};
		AA7FBB931CCFA5F400213FF3 /* Release */ = {
			isa = XCBuildConfiguration;
			buildSettings = {
				ASSETCATALOG_COMPILER_APPICON_NAME = AppIcon;
				INFOPLIST_FILE = "Age Calculator/Info.plist";
				LD_RUNPATH_SEARCH_PATHS = "$(inherited) @executable_path/Frameworks";
				PRODUCT_BUNDLE_IDENTIFIER = "com.training.Age-Calculator";
				PRODUCT_NAME = "$(TARGET_NAME)";
			};
			name = Release;
		};
/* End XCBuildConfiguration section */

/* Begin XCConfigurationList section */
		AA7FBB751CCFA5F400213FF3 /* Build configuration list for PBXProject "Age Calculator" */ = {
			isa = XCConfigurationList;
			buildConfigurations = (
				AA7FBB8F1CCFA5F400213FF3 /* Debug */,
				AA7FBB901CCFA5F400213FF3 /* Release */,
			);
			defaultConfigurationIsVisible = 0;
			defaultConfigurationName = Release;
		};
		AA7FBB911CCFA5F400213FF3 /* Build configuration list for PBXNativeTarget "Age Calculator" */ = {
			isa = XCConfigurationList;
			buildConfigurations = (
				AA7FBB921CCFA5F400213FF3 /* Debug */,
				AA7FBB931CCFA5F400213FF3 /* Release */,
			);
			defaultConfigurationIsVisible = 0;
		};
/* End XCConfigurationList section */
	};
	rootObject = AA7FBB721CCFA5F400213FF3 /* Project object */;
}
